%{
  "conform": {:hex, :conform, "2.5.2", "7035787a9c09d28607745444e7a1700426dc47c452634a5694033fa2fbb3414c", [:mix], [{:neotoma, "~> 1.7.3", [hex: :neotoma, repo: "hexpm", optional: false]}], "hexpm"},
  "connection": {:hex, :connection, "1.0.4", "a1cae72211f0eef17705aaededacac3eb30e6625b04a6117c1b2db6ace7d5976", [:mix], [], "hexpm"},
  "cowboy": {:hex, :cowboy, "2.5.0", "4ef3ae066ee10fe01ea3272edc8f024347a0d3eb95f6fbb9aed556dacbfc1337", [:rebar3], [{:cowlib, "~> 2.6.0", [hex: :cowlib, repo: "hexpm", optional: false]}, {:ranch, "~> 1.6.2", [hex: :ranch, repo: "hexpm", optional: false]}], "hexpm"},
  "cowlib": {:hex, :cowlib, "2.6.0", "8aa629f81a0fc189f261dc98a42243fa842625feea3c7ec56c48f4ccdb55490f", [:rebar3], [], "hexpm"},
  "db_connection": {:hex, :db_connection, "1.1.3", "89b30ca1ef0a3b469b1c779579590688561d586694a3ce8792985d4d7e575a61", [:mix], [{:connection, "~> 1.0.2", [hex: :connection, repo: "hexpm", optional: false]}, {:poolboy, "~> 1.5", [hex: :poolboy, repo: "hexpm", optional: true]}, {:sbroker, "~> 1.0", [hex: :sbroker, repo: "hexpm", optional: true]}], "hexpm"},
  "decimal": {:hex, :decimal, "1.7.0", "30d6b52c88541f9a66637359ddf85016df9eb266170d53105f02e4a67e00c5aa", [:mix], [], "hexpm"},
  "distillery": {:hex, :distillery, "1.5.5", "c6132d5c0152bdce6850fb6c942d58f1971b169b6965d908dc4e8767cfa51a95", [:mix], [], "hexpm"},
  "earmark": {:hex, :earmark, "1.3.1", "73812f447f7a42358d3ba79283cfa3075a7580a3a2ed457616d6517ac3738cb9", [:mix], [], "hexpm"},
  "elixir_ale": {:hex, :elixir_ale, "1.2.1", "07ac2f17a0191b8bd3b0df6b526c7f699a3a4d690c9def573fcb5824eef24d98", [:make, :mix], [{:elixir_make, "~> 0.4", [hex: :elixir_make, repo: "hexpm", optional: false]}], "hexpm"},
  "elixir_make": {:hex, :elixir_make, "0.5.2", "96a28c79f5b8d34879cd95ebc04d2a0d678cfbbd3e74c43cb63a76adf0ee8054", [:mix], [], "hexpm"},
  "elixir_uuid": {:hex, :elixir_uuid, "1.2.0", "ff26e938f95830b1db152cb6e594d711c10c02c6391236900ddd070a6b01271d", [:mix], [], "hexpm"},
  "ex_doc": {:hex, :ex_doc, "0.19.3", "3c7b0f02851f5fc13b040e8e925051452e41248f685e40250d7e40b07b9f8c10", [:mix], [{:earmark, "~> 1.2", [hex: :earmark, repo: "hexpm", optional: false]}, {:makeup_elixir, "~> 0.10", [hex: :makeup_elixir, repo: "hexpm", optional: false]}], "hexpm"},
  "exred_library": {:git, "https://github.com/exredorg/exred_library.git", "097f2085f55918a23c44bee85cbb8fe557382e61", []},
  "exred_node_aws_iot_daemon": {:git, "https://github.com/exredorg/exred_node_aws_iot_daemon.git", "a48135563d9ba6cc4790be109376c3532a5b3595", []},
  "exred_node_aws_iot_thingshadow_in": {:git, "https://github.com/exredorg/exred_node_aws_iot_thingshadow_in.git", "95676a1bbfe81069cc8dd51989b2360032a338e0", []},
  "exred_node_aws_iot_thingshadow_out": {:git, "https://github.com/exredorg/exred_node_aws_iot_thingshadow_out.git", "071fb2085fca560332bdb41ccb65242123fda7f5", []},
  "exred_node_debug": {:git, "https://github.com/exredorg/exred_node_debug.git", "6a245cf69032e6822edf824c8041b48151ab3ba9", []},
  "exred_node_function": {:git, "https://github.com/exredorg/exred_node_function.git", "34c49c9f181577219a0021da5a2bc1898dc8036a", []},
  "exred_node_gpio_in": {:git, "https://github.com/exredorg/exred_node_gpio_in.git", "074599435ba7092023421e7b8a972a961ecf0fcb", []},
  "exred_node_gpio_out": {:git, "https://github.com/exredorg/exred_node_gpio_out.git", "d80f77d2c2a23bab9580d4d7a3175e9839b08943", []},
  "exred_node_grpc_server": {:git, "https://github.com/exredorg/exred_node_grpc_server.git", "2cce2904fdee0bb0f26181f999c3bddf3440627a", []},
  "exred_node_grpc_twin": {:git, "https://github.com/exredorg/exred_node_grpc_twin.git", "5101e32f46fb0d55569b5a6ea296b74b2b90a866", []},
  "exred_node_picar": {:git, "https://github.com/exredorg/exred_node_picar.git", "8ad07f88d6086b68436d4afba7e8d651e831180b", []},
  "exred_node_redis_daemon": {:git, "https://github.com/exredorg/exred_node_redis_daemon.git", "1e2fbe5f59b9a2c1ca3108c802bcd5e47c43fd54", []},
  "exred_node_redis_in": {:git, "https://github.com/exredorg/exred_node_redis_in.git", "2bbd0298704d21060ad109bfe56dda02b2229731", []},
  "exred_node_redis_out": {:git, "https://github.com/exredorg/exred_node_redis_out.git", "5f82bf35bbd7b4dbd57a0ff4ab4a6f472f0d9726", []},
  "exred_node_rpiphoto": {:git, "https://github.com/exredorg/exred_node_rpiphoto.git", "5da11bfd08cf4dc124304feb33440737ea5b8275", []},
  "exred_node_shell": {:git, "https://github.com/exredorg/exred_node_shell.git", "a6c19b63cfec9e47d339e5b98f41cc168e265eac", []},
  "exred_node_suppress": {:git, "https://github.com/exredorg/exred_node_suppress.git", "6aa0378637bdf2cb9954e42407b7362b2524ad1e", []},
  "exred_node_trigger": {:git, "https://github.com/exredorg/exred_node_trigger.git", "f4c87aeb15e11bf2700e7c767b1a0d4caba3ec31", []},
  "exred_nodeprototype": {:hex, :exred_nodeprototype, "0.2.0", "560e5ccddabadc27e76ce0429cd8909fb2c8689df6bd891753e7659ebc3317d0", [:mix], [], "hexpm"},
  "exredrpc": {:hex, :exredrpc, "0.1.0", "2b939843127007957da5c90bc840e6d1346b814cf79e7b835bc9f76575592325", [:mix], [], "hexpm"},
  "gen_mqtt": {:hex, :gen_mqtt, "0.4.0", "5e6a3b11354ccf6f6638d381ca37cf6bb5a21c18f849dad5ac3761b9260731c6", [:mix], [{:vmq_commons, "1.0.0", [hex: :vmq_commons, repo: "hexpm", optional: false]}], "hexpm"},
  "google_protos": {:hex, :google_protos, "0.1.0", "c6b9e12092d17571b093d4156d004494ca143b65dbbcbfc3ffff463ea03467c0", [:mix], [{:protobuf, "~> 0.5", [hex: :protobuf, repo: "hexpm", optional: false]}], "hexpm"},
  "grpc": {:hex, :grpc, "0.3.1", "bba240631f1a262db865d9bc620b3e3abc0acfab27a922ad47727d057a734ab3", [:mix], [{:cowboy, "~> 2.5", [hex: :cowboy, repo: "hexpm", optional: false]}, {:gun, "~> 1.2", [hex: :gun, repo: "hexpm", optional: false]}, {:protobuf, "~> 0.5", [hex: :protobuf, repo: "hexpm", optional: false]}], "hexpm"},
  "gun": {:hex, :gun, "1.3.0", "18e5d269649c987af95aec309f68a27ffc3930531dd227a6eaa0884d6684286e", [:rebar3], [{:cowlib, "~> 2.6.0", [hex: :cowlib, repo: "hexpm", optional: false]}], "hexpm"},
  "jason": {:hex, :jason, "1.1.2", "b03dedea67a99223a2eaf9f1264ce37154564de899fd3d8b9a21b1a6fd64afe7", [:mix], [{:decimal, "~> 1.0", [hex: :decimal, repo: "hexpm", optional: true]}], "hexpm"},
  "makeup": {:hex, :makeup, "0.8.0", "9cf32aea71c7fe0a4b2e9246c2c4978f9070257e5c9ce6d4a28ec450a839b55f", [:mix], [{:nimble_parsec, "~> 0.5.0", [hex: :nimble_parsec, repo: "hexpm", optional: false]}], "hexpm"},
  "makeup_elixir": {:hex, :makeup_elixir, "0.13.0", "be7a477997dcac2e48a9d695ec730b2d22418292675c75aa2d34ba0909dcdeda", [:mix], [{:makeup, "~> 0.8", [hex: :makeup, repo: "hexpm", optional: false]}], "hexpm"},
  "neotoma": {:hex, :neotoma, "1.7.3", "d8bd5404b73273989946e4f4f6d529e5c2088f5fa1ca790b4dbe81f4be408e61", [:rebar], [], "hexpm"},
  "nimble_parsec": {:hex, :nimble_parsec, "0.5.0", "90e2eca3d0266e5c53f8fbe0079694740b9c91b6747f2b7e3c5d21966bba8300", [:mix], [], "hexpm"},
  "phoenix_gen_socket_client": {:hex, :phoenix_gen_socket_client, "2.1.1", "0432beccf3ff3b7fbf4c033588d01c9819cbdf7f087dbd1e7e90d3945d05f95e", [:mix], [{:poison, "~> 2.0 or ~> 3.0", [hex: :poison, repo: "hexpm", optional: true]}, {:websocket_client, "~> 1.2", [hex: :websocket_client, repo: "hexpm", optional: true]}], "hexpm"},
  "poison": {:hex, :poison, "2.2.0", "4763b69a8a77bd77d26f477d196428b741261a761257ff1cf92753a0d4d24a63", [:mix], [], "hexpm"},
  "porcelain": {:hex, :porcelain, "2.0.3", "2d77b17d1f21fed875b8c5ecba72a01533db2013bd2e5e62c6d286c029150fdc", [:mix], [], "hexpm"},
  "postgrex": {:hex, :postgrex, "0.13.5", "3d931aba29363e1443da167a4b12f06dcd171103c424de15e5f3fc2ba3e6d9c5", [:mix], [{:connection, "~> 1.0", [hex: :connection, repo: "hexpm", optional: false]}, {:db_connection, "~> 1.1", [hex: :db_connection, repo: "hexpm", optional: false]}, {:decimal, "~> 1.0", [hex: :decimal, repo: "hexpm", optional: false]}], "hexpm"},
  "protobuf": {:hex, :protobuf, "0.5.4", "2e1b8eec211aff034ad8a14e3674220b0158bfb9a3c7128ac9d2a1ed1b3724d3", [:mix], [], "hexpm"},
  "ranch": {:hex, :ranch, "1.6.2", "6db93c78f411ee033dbb18ba8234c5574883acb9a75af0fb90a9b82ea46afa00", [:rebar3], [], "hexpm"},
  "redix": {:hex, :redix, "0.9.2", "a753d5c642e1df21c5444ebb038f1ee3e52c180a63b9d78368f453efcadef311", [:mix], [], "hexpm"},
  "stream_split": {:hex, :stream_split, "0.1.2", "ed46bde67305cee3609d1c151e193c20552ccc613643c744825de76442a87a47", [:mix], [], "hexpm"},
  "vmq_commons": {:hex, :vmq_commons, "1.0.0", "5f5005c12db33f92f40e818a3617fb148972d59adcf99298c9d3808ef3582e34", [:rebar3], [], "hexpm"},
  "websocket_client": {:hex, :websocket_client, "1.3.0", "2275d7daaa1cdacebf2068891c9844b15f4fdc3de3ec2602420c2fb486db59b6", [:rebar3], [], "hexpm"},
}
