%{
  "conform": {:hex, :conform, "2.5.2", "7035787a9c09d28607745444e7a1700426dc47c452634a5694033fa2fbb3414c", [:mix], [{:neotoma, "~> 1.7.3", [hex: :neotoma, repo: "hexpm", optional: false]}], "hexpm"},
  "connection": {:hex, :connection, "1.0.4", "a1cae72211f0eef17705aaededacac3eb30e6625b04a6117c1b2db6ace7d5976", [:mix], [], "hexpm"},
  "cowboy": {:hex, :cowboy, "2.6.0", "dc1ff5354c89e36a3e3ef8d10433396dcff0dcbb1d4223b58c64c2d51a6d88d9", [:rebar3], [{:cowlib, "~> 2.7.0", [hex: :cowlib, repo: "hexpm", optional: false]}, {:ranch, "~> 1.7.0", [hex: :ranch, repo: "hexpm", optional: false]}], "hexpm"},
  "cowlib": {:hex, :cowlib, "2.7.0", "3ef16e77562f9855a2605900cedb15c1462d76fb1be6a32fc3ae91973ee543d2", [:rebar3], [], "hexpm"},
  "db_connection": {:hex, :db_connection, "1.1.3", "89b30ca1ef0a3b469b1c779579590688561d586694a3ce8792985d4d7e575a61", [:mix], [{:connection, "~> 1.0.2", [hex: :connection, repo: "hexpm", optional: false]}, {:poolboy, "~> 1.5", [hex: :poolboy, repo: "hexpm", optional: true]}, {:sbroker, "~> 1.0", [hex: :sbroker, repo: "hexpm", optional: true]}], "hexpm"},
  "decimal": {:hex, :decimal, "1.6.0", "bfd84d90ff966e1f5d4370bdd3943432d8f65f07d3bab48001aebd7030590dcc", [:mix], [], "hexpm"},
  "distillery": {:hex, :distillery, "1.5.5", "c6132d5c0152bdce6850fb6c942d58f1971b169b6965d908dc4e8767cfa51a95", [:mix], [], "hexpm"},
  "earmark": {:hex, :earmark, "1.2.6", "b6da42b3831458d3ecc57314dff3051b080b9b2be88c2e5aa41cd642a5b044ed", [:mix], [], "hexpm"},
  "elixir_ale": {:hex, :elixir_ale, "1.2.1", "07ac2f17a0191b8bd3b0df6b526c7f699a3a4d690c9def573fcb5824eef24d98", [:make, :mix], [{:elixir_make, "~> 0.4", [hex: :elixir_make, repo: "hexpm", optional: false]}], "hexpm"},
  "elixir_make": {:hex, :elixir_make, "0.4.2", "332c649d08c18bc1ecc73b1befc68c647136de4f340b548844efc796405743bf", [:mix], [], "hexpm"},
  "elixir_uuid": {:hex, :elixir_uuid, "1.2.0", "ff26e938f95830b1db152cb6e594d711c10c02c6391236900ddd070a6b01271d", [:mix], [], "hexpm"},
  "ex_doc": {:hex, :ex_doc, "0.19.1", "519bb9c19526ca51d326c060cb1778d4a9056b190086a8c6c115828eaccea6cf", [:mix], [{:earmark, "~> 1.1", [hex: :earmark, repo: "hexpm", optional: false]}, {:makeup_elixir, "~> 0.7", [hex: :makeup_elixir, repo: "hexpm", optional: false]}], "hexpm"},
  "exred_library": {:hex, :exred_library, "0.1.14", "fea2bf9a33701af711a6538036cab6d54198625cf87dbc9070125146137dbd86", [:mix], [{:conform, "~> 2.2", [hex: :conform, repo: "hexpm", optional: false]}, {:elixir_uuid, "~> 1.2", [hex: :elixir_uuid, repo: "hexpm", optional: false]}, {:jason, "~> 1.0", [hex: :jason, repo: "hexpm", optional: false]}, {:postgrex, "~> 0.13.4", [hex: :postgrex, repo: "hexpm", optional: false]}], "hexpm"},
  "exred_node_aws_iot_daemon": {:hex, :exred_node_aws_iot_daemon, "0.1.4", "8f303fe69855e3d10ba27a0ff604dc90d6d46eff14ac76bfa66590445ca49156", [:mix], [{:conform, "~> 2.2", [hex: :conform, repo: "hexpm", optional: false]}, {:exred_library, "~> 0.1.11", [hex: :exred_library, repo: "hexpm", optional: false]}, {:gen_mqtt, "~> 0.4.0", [hex: :gen_mqtt, repo: "hexpm", optional: false]}], "hexpm"},
  "exred_node_aws_iot_thingshadow_in": {:hex, :exred_node_aws_iot_thingshadow_in, "0.1.2", "ba9c43b305080369f28eda9462dfa39072e348eabc128907794aa9c30db31c3e", [:mix], [{:exred_library, "~> 0.1.11", [hex: :exred_library, repo: "hexpm", optional: false]}], "hexpm"},
  "exred_node_aws_iot_thingshadow_out": {:hex, :exred_node_aws_iot_thingshadow_out, "0.1.0", "fd39112e50262cc07395fb21987bc5270999e339a864b0a69edd903bc48156b4", [:mix], [{:exred_library, "~> 0.1.11", [hex: :exred_library, repo: "hexpm", optional: false]}], "hexpm"},
  "exred_node_debug": {:hex, :exred_node_debug, "0.1.64", "7ad266622a464c160c476dca18ab31d88b696b4c87f4cf1e2687d59fb3d3dc82", [:mix], [{:exred_nodeprototype, "~> 0.1", [hex: :exred_nodeprototype, repo: "hexpm", optional: false]}], "hexpm"},
  "exred_node_function": {:hex, :exred_node_function, "0.1.0", "a8717d75e2e927e06f833237642aad790a6398a3e1136e637e2bc107e9cc3462", [:mix], [{:exred_library, "~> 0.1.11", [hex: :exred_library, repo: "hexpm", optional: false]}], "hexpm"},
  "exred_node_gpio_in": {:hex, :exred_node_gpio_in, "0.1.7", "a22b20adfb009c635ddf28d9bf15158c1bc90005254dc114d0f4ae655c587217", [:mix], [{:elixir_ale, "~> 1.0", [hex: :elixir_ale, repo: "hexpm", optional: false]}, {:exred_library, "~> 0.1.11", [hex: :exred_library, repo: "hexpm", optional: false]}], "hexpm"},
  "exred_node_gpio_out": {:hex, :exred_node_gpio_out, "0.1.3", "8b8cf518ab1c725dd1226cb680d58c70a33e6f3275301160d72e9d80a0c8fb89", [:mix], [{:elixir_ale, "~> 1.0", [hex: :elixir_ale, repo: "hexpm", optional: false]}, {:exred_library, "~> 0.1.11", [hex: :exred_library, repo: "hexpm", optional: false]}], "hexpm"},
  "exred_node_grpc_server": {:hex, :exred_node_grpc_server, "0.1.2-alpha.2", "da3ce6bfc86e3086834101f428193a898793e0aef549b9e98f1ceef148bd3aab", [:mix], [{:exred_library, "~> 0.1", [hex: :exred_library, repo: "hexpm", optional: false]}, {:exredrpc, "~> 0.1", [hex: :exredrpc, repo: "hexpm", optional: false]}, {:google_protos, "~> 0.1", [hex: :google_protos, repo: "hexpm", optional: false]}, {:grpc, "~> 0.3.0-alpha.2", [hex: :grpc, repo: "hexpm", optional: false]}, {:protobuf, "~> 0.5.3", [hex: :protobuf, repo: "hexpm", optional: false]}, {:stream_split, "~> 0.1.2", [hex: :stream_split, repo: "hexpm", optional: false]}], "hexpm"},
  "exred_node_grpc_twin": {:hex, :exred_node_grpc_twin, "0.1.5", "4f1b8d882b75ca5d600afe88560c8be1fdd916dc9983cbf209b86bfb02c0c5da", [:mix], [{:exred_nodeprototype, "~> 0.1", [hex: :exred_nodeprototype, repo: "hexpm", optional: false]}, {:exredrpc, "~> 0.1", [hex: :exredrpc, repo: "hexpm", optional: false]}], "hexpm"},
  "exred_node_picar": {:hex, :exred_node_picar, "0.1.0", "8a7675239c00fa0091c53dfae441615fc7b0bec8270a2b45d0f6107aece281ec", [:mix], [{:elixir_ale, "~> 1.0", [hex: :elixir_ale, repo: "hexpm", optional: false]}, {:exred_library, "~> 0.1.11", [hex: :exred_library, repo: "hexpm", optional: false]}], "hexpm"},
  "exred_node_redis_daemon": {:hex, :exred_node_redis_daemon, "0.1.2", "f4c518264c503e01a9cad9a880eb3855c2aa4993535c0d0c16d2ddcd1a622b96", [:mix], [{:exred_library, "~> 0.1", [hex: :exred_library, repo: "hexpm", optional: false]}, {:redix, ">= 0.0.0", [hex: :redix, repo: "hexpm", optional: false]}], "hexpm"},
  "exred_node_redis_in": {:hex, :exred_node_redis_in, "0.1.0", "3f7679269683527e5b0e8e4bbbdfc22685fcb38bec779cd1eab8324950c79b6c", [:mix], [{:exred_library, "~> 0.1.11", [hex: :exred_library, repo: "hexpm", optional: false]}], "hexpm"},
  "exred_node_redis_out": {:hex, :exred_node_redis_out, "0.1.0", "b4f522416c0e3a8977e12e01ca5faf6cf9936ed98dfff9409766fe32081d4964", [:mix], [{:exred_library, "~> 0.1.11", [hex: :exred_library, repo: "hexpm", optional: false]}], "hexpm"},
  "exred_node_rpiphoto": {:hex, :exred_node_rpiphoto, "0.1.6", "4d8e92d316c0ea19de1130945f4684896bf90d67f8463e351ab093b01755abe6", [:mix], [{:exred_library, "~> 0.1.11", [hex: :exred_library, repo: "hexpm", optional: false]}, {:porcelain, "~> 2.0", [hex: :porcelain, repo: "hexpm", optional: false]}], "hexpm"},
  "exred_node_shell": {:hex, :exred_node_shell, "0.1.8", "6b4a2485fc2ce70bc9793c2e8a0de9b4c4f0eb8878d45f819ac2563c484b0df7", [:mix], [{:exred_library, "~> 0.1.11", [hex: :exred_library, repo: "hexpm", optional: false]}, {:porcelain, "~> 2.0", [hex: :porcelain, repo: "hexpm", optional: false]}], "hexpm"},
  "exred_node_suppress": {:hex, :exred_node_suppress, "0.1.0", "e740d09fa420778f753fe1918104e35471d353b279653419fcbb6d7b4fa4598d", [:mix], [{:exred_library, "~> 0.1.11", [hex: :exred_library, repo: "hexpm", optional: false]}], "hexpm"},
  "exred_node_trigger": {:hex, :exred_node_trigger, "0.1.32", "0323b0b2948a57a3fa14472d56f01a4659d46a6131ec708888f2962626246755", [:mix], [{:exred_nodeprototype, "~> 0.1", [hex: :exred_nodeprototype, repo: "hexpm", optional: false]}], "hexpm"},
  "exred_nodeprototype": {:hex, :exred_nodeprototype, "0.1.1", "ab6f9a45451348420e3a37f11da9cf301c2efd2d03c7b5e7fdcf08fb704bd8b6", [:mix], [], "hexpm"},
  "exredrpc": {:hex, :exredrpc, "0.1.0", "2b939843127007957da5c90bc840e6d1346b814cf79e7b835bc9f76575592325", [:mix], [], "hexpm"},
  "gen_mqtt": {:hex, :gen_mqtt, "0.4.0", "5e6a3b11354ccf6f6638d381ca37cf6bb5a21c18f849dad5ac3761b9260731c6", [:mix], [{:vmq_commons, "1.0.0", [hex: :vmq_commons, repo: "hexpm", optional: false]}], "hexpm"},
  "google_protos": {:hex, :google_protos, "0.1.0", "c6b9e12092d17571b093d4156d004494ca143b65dbbcbfc3ffff463ea03467c0", [:mix], [{:protobuf, "~> 0.5", [hex: :protobuf, repo: "hexpm", optional: false]}], "hexpm"},
  "grpc": {:hex, :grpc, "0.3.0-alpha.2", "ad5654d5dad44b99e8afa3ec4d540391c38a0f64001f21ba88e36720cb2014e5", [:mix], [{:cowboy, "~> 2.2", [hex: :cowboy, repo: "hexpm", optional: false]}, {:gun, ">= 1.0.0-pre.5", [hex: :gun, repo: "hexpm", optional: false]}, {:protobuf, "~> 0.5", [hex: :protobuf, repo: "hexpm", optional: false]}], "hexpm"},
  "gun": {:hex, :gun, "1.0.0", "9821b9b68f0174a05fb7e0372e66c95e52df753a2aa70c45929cb2e388b700c3", [:rebar3], [{:cowlib, "~> 2.4", [hex: :cowlib, repo: "hexpm", optional: false]}], "hexpm"},
  "jason": {:hex, :jason, "1.1.2", "b03dedea67a99223a2eaf9f1264ce37154564de899fd3d8b9a21b1a6fd64afe7", [:mix], [{:decimal, "~> 1.0", [hex: :decimal, repo: "hexpm", optional: true]}], "hexpm"},
  "makeup": {:hex, :makeup, "0.5.5", "9e08dfc45280c5684d771ad58159f718a7b5788596099bdfb0284597d368a882", [:mix], [{:nimble_parsec, "~> 0.4", [hex: :nimble_parsec, repo: "hexpm", optional: false]}], "hexpm"},
  "makeup_elixir": {:hex, :makeup_elixir, "0.10.0", "0f09c2ddf352887a956d84f8f7e702111122ca32fbbc84c2f0569b8b65cbf7fa", [:mix], [{:makeup, "~> 0.5.5", [hex: :makeup, repo: "hexpm", optional: false]}], "hexpm"},
  "neotoma": {:hex, :neotoma, "1.7.3", "d8bd5404b73273989946e4f4f6d529e5c2088f5fa1ca790b4dbe81f4be408e61", [:rebar], [], "hexpm"},
  "nimble_parsec": {:hex, :nimble_parsec, "0.4.0", "ee261bb53214943679422be70f1658fff573c5d0b0a1ecd0f18738944f818efe", [:mix], [], "hexpm"},
  "phoenix_gen_socket_client": {:hex, :phoenix_gen_socket_client, "2.1.1", "0432beccf3ff3b7fbf4c033588d01c9819cbdf7f087dbd1e7e90d3945d05f95e", [:mix], [{:poison, "~> 2.0 or ~> 3.0", [hex: :poison, repo: "hexpm", optional: true]}, {:websocket_client, "~> 1.2", [hex: :websocket_client, repo: "hexpm", optional: true]}], "hexpm"},
  "poison": {:hex, :poison, "2.2.0", "4763b69a8a77bd77d26f477d196428b741261a761257ff1cf92753a0d4d24a63", [:mix], [], "hexpm"},
  "porcelain": {:hex, :porcelain, "2.0.3", "2d77b17d1f21fed875b8c5ecba72a01533db2013bd2e5e62c6d286c029150fdc", [:mix], [], "hexpm"},
  "postgrex": {:hex, :postgrex, "0.13.5", "3d931aba29363e1443da167a4b12f06dcd171103c424de15e5f3fc2ba3e6d9c5", [:mix], [{:connection, "~> 1.0", [hex: :connection, repo: "hexpm", optional: false]}, {:db_connection, "~> 1.1", [hex: :db_connection, repo: "hexpm", optional: false]}, {:decimal, "~> 1.0", [hex: :decimal, repo: "hexpm", optional: false]}], "hexpm"},
  "protobuf": {:hex, :protobuf, "0.5.4", "2e1b8eec211aff034ad8a14e3674220b0158bfb9a3c7128ac9d2a1ed1b3724d3", [:mix], [], "hexpm"},
  "ranch": {:hex, :ranch, "1.7.0", "9583f47160ca62af7f8d5db11454068eaa32b56eeadf984d4f46e61a076df5f2", [:rebar3], [], "hexpm"},
  "redix": {:hex, :redix, "0.9.0", "c631c921354587e054bf1e2a6b7d0120d617352fc42b624b9ca79ea484d0326c", [:mix], [], "hexpm"},
  "stream_split": {:hex, :stream_split, "0.1.2", "ed46bde67305cee3609d1c151e193c20552ccc613643c744825de76442a87a47", [:mix], [], "hexpm"},
  "vmq_commons": {:hex, :vmq_commons, "1.0.0", "5f5005c12db33f92f40e818a3617fb148972d59adcf99298c9d3808ef3582e34", [:rebar3], [], "hexpm"},
  "websocket_client": {:hex, :websocket_client, "1.3.0", "2275d7daaa1cdacebf2068891c9844b15f4fdc3de3ec2602420c2fb486db59b6", [:rebar3], [], "hexpm"},
}
